
Microsoft Visual Studio Solution File, Format Version 12.00
# Visual Studio 15
VisualStudioVersion = 15.0.27703.2000
MinimumVisualStudioVersion = 10.0.40219.1
Project("{FAE04EC0-301F-11D3-BF4B-00C04F79EFBC}") = "WebAPIWithGZipDeflate", "WebAPIWithGZipDeflate\WebAPIWithGZipDeflate.csproj", "{2CCB320F-0FD1-464C-8EAC-43BA0B9B5EB3}"
EndProject
Project("{FAE04EC0-301F-11D3-BF4B-00C04F79EFBC}") = "WebAPIWithGZipDeflate.Tests", "WebAPIWithGZipDeflate.Tests\WebAPIWithGZipDeflate.Tests.csproj", "{43114710-1962-4986-9771-A7C4BEFB086F}"
EndProject
Global
	GlobalSection(SolutionConfigurationPlatforms) = preSolution
		Debug|Any CPU = Debug|Any CPU
		Release|Any CPU = Release|Any CPU
	EndGlobalSection
	GlobalSection(ProjectConfigurationPlatforms) = postSolution
		{2CCB320F-0FD1-464C-8EAC-43BA0B9B5EB3}.Debug|Any CPU.ActiveCfg = Debug|Any CPU
		{2CCB320F-0FD1-464C-8EAC-43BA0B9B5EB3}.Debug|Any CPU.Build.0 = Debug|Any CPU
		{2CCB320F-0FD1-464C-8EAC-43BA0B9B5EB3}.Release|Any CPU.ActiveCfg = Release|Any CPU
		{2CCB320F-0FD1-464C-8EAC-43BA0B9B5EB3}.Release|Any CPU.Build.0 = Release|Any CPU
		{43114710-1962-4986-9771-A7C4BEFB086F}.Debug|Any CPU.ActiveCfg = Debug|Any CPU
		{43114710-1962-4986-9771-A7C4BEFB086F}.Debug|Any CPU.Build.0 = Debug|Any CPU
		{43114710-1962-4986-9771-A7C4BEFB086F}.Release|Any CPU.ActiveCfg = Release|Any CPU
		{43114710-1962-4986-9771-A7C4BEFB086F}.Release|Any CPU.Build.0 = Release|Any CPU
	EndGlobalSection
	GlobalSection(SolutionProperties) = preSolution
		HideSolutionNode = FALSE
	EndGlobalSection
	GlobalSection(ExtensibilityGlobals) = postSolution
		SolutionGuid = {3CE071DC-AF7E-44C8-B87F-73C3B4DD02C2}
	EndGlobalSection
EndGlobal
